
Microsoft Visual Studio Solution File, Format Version 12.00
# Visual Studio Version 16
VisualStudioVersion = 25.0.1706.13
MinimumVisualStudioVersion = 10.0.40219.1
Project("{FAE04EC0-301F-11D3-BF4B-00C04F79EFBC}") = "ShoppingMVC", "ShoppingMVC\ShoppingMVC.csproj", "{92DC9CAD-5B0B-417C-A4DE-AA7B59AA18D2}"
EndProject
Global
	GlobalSection(SolutionConfigurationPlatforms) = preSolution
		Debug|Any CPU = Debug|Any CPU
		Release|Any CPU = Release|Any CPU
	EndGlobalSection
	GlobalSection(ProjectConfigurationPlatforms) = postSolution
		{92DC9CAD-5B0B-417C-A4DE-AA7B59AA18D2}.Debug|Any CPU.ActiveCfg = Debug|Any CPU
		{92DC9CAD-5B0B-417C-A4DE-AA7B59AA18D2}.Debug|Any CPU.Build.0 = Debug|Any CPU
		{92DC9CAD-5B0B-417C-A4DE-AA7B59AA18D2}.Release|Any CPU.ActiveCfg = Release|Any CPU
		{92DC9CAD-5B0B-417C-A4DE-AA7B59AA18D2}.Release|Any CPU.Build.0 = Release|Any CPU
	EndGlobalSection
	GlobalSection(SolutionProperties) = preSolution
		HideSolutionNode = FALSE
	EndGlobalSection
	GlobalSection(ExtensibilityGlobals) = postSolution
		SolutionGuid = {366B39BA-A0A4-4C67-AB9C-5FE6AF4325A1}
	EndGlobalSection
EndGlobal
